hash: a2e7ea1241bc2fc087533c1979b38419f67d83fd0a907c16ef8b45c90400911d
updated: 2016-12-12T14:52:48.023085001+09:00
imports:
- name: github.com/labstack/echo
  version: e08070379af60f5b9c0fb5bb2d1527ba9624fe43
  subpackages:
  - context
  - engine
  - engine/standard
  - log
- name: github.com/labstack/gommon
  version: 2d272df536d051e737aea353b86c979d6e88bce0
  subpackages:
  - color
  - log
- name: github.com/mattn/go-colorable
  version: 6e26b354bd2b0fc420cb632b0d878abccdc6544c
- name: github.com/mattn/go-isatty
  version: 66b8e73f3f5cda9f96b69efd03dd3d7fc4a5cdb8
- name: github.com/sideci/go_private_library
  version: 6b55af2600c13961147eda4dbc55add5d38e0454
  repo: git@github.com:sideci/go_private_library.git
  vcs: git
- name: github.com/valyala/fasttemplate
  version: 3b874956e03f1636d171bda64b130f9135f42cff
- name: golang.org/x/net
  version: 569280fa63be4e201b975e5411e30a92178f0118
  subpackages:
  - context
- name: golang.org/x/sys
  version: c200b10b5d5e122be351b67af224adc6128af5bf
  subpackages:
  - unix
testImports: []
